
Microsoft Visual Studio Solution File, Format Version 11.00
# Visual Studio 2010
Project("{FAE04EC0-301F-11D3-BF4B-00C04F79EFBC}") = "Assembly-CSharp", "Assembly-CSharp.csproj", "{e6bdc332-25e1-2831-82c1-25d0441455a3}"
EndProject
Project("{FAE04EC0-301F-11D3-BF4B-00C04F79EFBC}") = "Unity.Postprocessing.Runtime", "Unity.Postprocessing.Runtime.csproj", "{a986b6fb-355c-6bf1-ab07-71d73167bc11}"
EndProject
Project("{FAE04EC0-301F-11D3-BF4B-00C04F79EFBC}") = "Unity.Postprocessing.Editor", "Unity.Postprocessing.Editor.csproj", "{4e24d4a0-ad4c-66a6-bda8-a37b1c87f217}"
EndProject
Global
	GlobalSection(SolutionConfigurationPlatforms) = preSolution
		Debug|Any CPU = Debug|Any CPU
	EndGlobalSection
	GlobalSection(ProjectConfigurationPlatforms) = postSolution
		{e6bdc332-25e1-2831-82c1-25d0441455a3}.Debug|Any CPU.ActiveCfg = Debug|Any CPU
		{e6bdc332-25e1-2831-82c1-25d0441455a3}.Debug|Any CPU.Build.0 = Debug|Any CPU
		{a986b6fb-355c-6bf1-ab07-71d73167bc11}.Debug|Any CPU.ActiveCfg = Debug|Any CPU
		{a986b6fb-355c-6bf1-ab07-71d73167bc11}.Debug|Any CPU.Build.0 = Debug|Any CPU
		{4e24d4a0-ad4c-66a6-bda8-a37b1c87f217}.Debug|Any CPU.ActiveCfg = Debug|Any CPU
		{4e24d4a0-ad4c-66a6-bda8-a37b1c87f217}.Debug|Any CPU.Build.0 = Debug|Any CPU
	EndGlobalSection
	GlobalSection(SolutionProperties) = preSolution
		HideSolutionNode = FALSE
	EndGlobalSection
EndGlobal
